{
  "object": {
    "pins": [
      {
        "package": "FMRest",
        "repositoryURL": "https://github.com/pacific707/FMRest.git",
        "state": {
          "branch": null,
          "revision": "04b3be32a3adf3e1414387351e90240c875829c6",
          "version": "1.0.1"
        }
      }
    ]
  },
  "version": 1
}
